<?xml version="1.0" encoding="utf-8"?>
<Project ToolsVersion="4.0" xmlns="http://schemas.microsoft.com/developer/msbuild/2003">
  <ItemGroup>
    <Filter Include="Resource">
      <UniqueIdentifier>{ED6CDF9B-D939-3AA7-0253-284FEE7E6F35}</UniqueIdentifier>
    </Filter>
    <Filter Include="Source">
      <UniqueIdentifier>{56EB95D1-428D-C0A7-2B48-D4FB178947F8}</UniqueIdentifier>
    </Filter>
    <Filter Include="Source\Core">
      <UniqueIdentifier>{6E95150F-DA4A-8E04-633F-88DBCFF38408}</UniqueIdentifier>
    </Filter>
    <Filter Include="Source\Platform">
      <UniqueIdentifier>{6A48A913-D6D3-16D8-DFE4-99CC4BEF72D8}</UniqueIdentifier>
    </Filter>
    <Filter Include="Source\Platform\OpenGL">
      <UniqueIdentifier>{5E160775-4A10-30C7-337D-C6D71F169633}</UniqueIdentifier>
    </Filter>
    <Filter Include="Source\Platform\Pylon">
      <UniqueIdentifier>{CBC1AA22-372E-661D-0022-FE7A6C4D8885}</UniqueIdentifier>
    </Filter>
    <Filter Include="Source\Renderer">
      <UniqueIdentifier>{BC4F86EE-28DB-F3B2-31EC-76A79DF64FB3}</UniqueIdentifier>
    </Filter>
    <Filter Include="Source\Renderer\Primitive">
      <UniqueIdentifier>{249BC1CC-905D-F556-D90D-84E3450FCE34}</UniqueIdentifier>
    </Filter>
  </ItemGroup>
  <ItemGroup>
    <ClInclude Include="Resource\Resource.h">
      <Filter>Resource</Filter>
    </ClInclude>
    <ClInclude Include="Source\Core\Application.h">
      <Filter>Source\Core</Filter>
    </ClInclude>
    <ClInclude Include="Source\Core\ChildView.h">
      <Filter>Source\Core</Filter>
    </ClInclude>
    <ClInclude Include="Source\Core\Core.h">
      <Filter>Source\Core</Filter>
    </ClInclude>
    <ClInclude Include="Source\Core\MainFrm.h">
      <Filter>Source\Core</Filter>
    </ClInclude>
    <ClInclude Include="Source\Core\PreImage.h">
      <Filter>Source\Core</Filter>
    </ClInclude>
    <ClInclude Include="Source\Core\RealCamera.h">
      <Filter>Source\Core</Filter>
    </ClInclude>
    <ClInclude Include="Source\Core\SnapData.h">
      <Filter>Source\Core</Filter>
    </ClInclude>
    <ClInclude Include="Source\Environment.h">
      <Filter>Source</Filter>
    </ClInclude>
    <ClInclude Include="Source\Platform\OpenGL\OpenGL_Buffer.h">
      <Filter>Source\Platform\OpenGL</Filter>
    </ClInclude>
    <ClInclude Include="Source\Platform\Pylon\Pylon_Camera.h">
      <Filter>Source\Platform\Pylon</Filter>
    </ClInclude>
    <ClInclude Include="Source\Renderer\Buffer.h">
      <Filter>Source\Renderer</Filter>
    </ClInclude>
    <ClInclude Include="Source\Renderer\BufferLayout.h">
      <Filter>Source\Renderer</Filter>
    </ClInclude>
    <ClInclude Include="Source\Renderer\Primitive\PrimitiveMesh.h">
      <Filter>Source\Renderer\Primitive</Filter>
    </ClInclude>
    <ClInclude Include="Source\Renderer\RendererAPI.h">
      <Filter>Source\Renderer</Filter>
    </ClInclude>
    <ClInclude Include="Source\Renderer\VertexArray.h">
      <Filter>Source\Renderer</Filter>
    </ClInclude>
    <ClInclude Include="Source\pch.h">
      <Filter>Source</Filter>
    </ClInclude>
    <ClInclude Include="Source\targetver.h">
      <Filter>Source</Filter>
    </ClInclude>
    <ClInclude Include="Source\Renderer\Primitive\Primitive_Triangle.h" />
    <ClInclude Include="Source\Renderer\Primitive\Primitive_Rectangle.h" />
    <ClInclude Include="Source\Platform\OpenGL\OpenGL_RendererAPI.h">
      <Filter>Source\Platform\OpenGL</Filter>
    </ClInclude>
    <ClInclude Include="Source\Platform\OpenGL\OpenGL_VertexArray.h" />
    <ClInclude Include="Source\Renderer\Renderer2D.h">
      <Filter>Source\Renderer</Filter>
    </ClInclude>
    <ClInclude Include="Source\Platform\OpenGL\OpenGL_Renderer2D.h">
      <Filter>Source\Platform\OpenGL</Filter>
    </ClInclude>
    <ClInclude Include="Source\Renderer\VirtualCamera.h" />
    <ClInclude Include="Source\Renderer\Shader.h" />
    <ClInclude Include="Source\Platform\OpenGL\OpenGL_Shader.h" />
    <ClInclude Include="Source\Renderer\Texture.h" />
    <ClInclude Include="Source\Platform\OpenGL\OpenGL_Texture.h" />
    <ClInclude Include="Source\Platform\stb_image\stb_image.h" />
    <ClInclude Include="Source\Renderer\CameraManager.h" />
    <ClInclude Include="Source\Platform\Pylon\Pylon_Configurator.h" />
    <ClInclude Include="Source\Core\PreException.h" />
  </ItemGroup>
  <ItemGroup>
    <ClCompile Include="Source\Core\Application.cpp">
      <Filter>Source\Core</Filter>
    </ClCompile>
    <ClCompile Include="Source\Core\ChildView.cpp">
      <Filter>Source\Core</Filter>
    </ClCompile>
    <ClCompile Include="Source\Core\MainFrm.cpp">
      <Filter>Source\Core</Filter>
    </ClCompile>
    <ClCompile Include="Source\Core\PreImage.cpp">
      <Filter>Source\Core</Filter>
    </ClCompile>
    <ClCompile Include="Source\Core\RealCamera.cpp">
      <Filter>Source\Core</Filter>
    </ClCompile>
    <ClCompile Include="Source\Core\SnapData.cpp">
      <Filter>Source\Core</Filter>
    </ClCompile>
    <ClCompile Include="Source\Platform\OpenGL\OpenGL_Buffer.cpp">
      <Filter>Source\Platform\OpenGL</Filter>
    </ClCompile>
    <ClCompile Include="Source\Platform\Pylon\Pylon_Camera.cpp">
      <Filter>Source\Platform\Pylon</Filter>
    </ClCompile>
    <ClCompile Include="Source\Renderer\Buffer.cpp">
      <Filter>Source\Renderer</Filter>
    </ClCompile>
    <ClCompile Include="Source\Renderer\BufferLayout.cpp">
      <Filter>Source\Renderer</Filter>
    </ClCompile>
    <ClCompile Include="Source\Renderer\Primitive\PrimitiveMesh.cpp">
      <Filter>Source\Renderer\Primitive</Filter>
    </ClCompile>
    <ClCompile Include="Source\Renderer\RendererAPI.cpp">
      <Filter>Source\Renderer</Filter>
    </ClCompile>
    <ClCompile Include="Source\Renderer\VertexArray.cpp">
      <Filter>Source\Renderer</Filter>
    </ClCompile>
    <ClCompile Include="Source\pch.cpp">
      <Filter>Source</Filter>
    </ClCompile>
    <ClCompile Include="Source\Renderer\Primitive\Primitive_Triangle.cpp" />
    <ClCompile Include="Source\Renderer\Primitive\Primitive_Rectangle.cpp" />
    <ClCompile Include="Source\Platform\OpenGL\OpenGL_RendererAPI.cpp">
      <Filter>Source\Platform\OpenGL</Filter>
    </ClCompile>
    <ClCompile Include="Source\Platform\OpenGL\OpenGL_VertexArray.cpp" />
    <ClCompile Include="Source\Renderer\Renderer2D.cpp">
      <Filter>Source\Renderer</Filter>
    </ClCompile>
    <ClCompile Include="Source\Platform\OpenGL\OpenGL_Renderer2D.cpp">
      <Filter>Source\Platform\OpenGL</Filter>
    </ClCompile>
    <ClCompile Include="Source\Renderer\VirtualCamera.cpp" />
    <ClCompile Include="Source\Renderer\Shader.cpp" />
    <ClCompile Include="Source\Platform\OpenGL\OpenGL_Shader.cpp" />
    <ClCompile Include="Source\Renderer\Texture.cpp" />
    <ClCompile Include="Source\Platform\OpenGL\OpenGL_Texture.cpp" />
    <ClCompile Include="Source\Platform\stb_image\stb_image.cpp" />
    <ClCompile Include="Source\Renderer\CameraManager.cpp" />
    <ClCompile Include="Source\Platform\Pylon\Pylon_Configurator.cpp" />
    <ClCompile Include="Source\Core\PreException.cpp" />
  </ItemGroup>
  <ItemGroup>
    <None Include="Resource\PreViewer.aps">
      <Filter>Resource</Filter>
    </None>
    <None Include="Resource\PreViewer.ico">
      <Filter>Resource</Filter>
    </None>
    <None Include="Resource\PreViewer.rc2">
      <Filter>Resource</Filter>
    </None>
    <None Include="Resource\RCa11940">
      <Filter>Resource</Filter>
    </None>
    <None Include="Resource\RCb11940">
      <Filter>Resource</Filter>
    </None>
    <None Include="Resource\RCc11940">
      <Filter>Resource</Filter>
    </None>
    <None Include="Resource\scale.pal">
      <Filter>Resource</Filter>
    </None>
    <None Include="Source\Renderer\Shader\Quad2DTex_VS.glsl" />
    <None Include="Source\Renderer\Shader\Quad2DTex_PS.glsl" />
  </ItemGroup>
  <ItemGroup>
    <ResourceCompile Include="Resource\PreViewer.rc">
      <Filter>Resource</Filter>
    </ResourceCompile>
  </ItemGroup>
  <ItemGroup>
    <Image Include="Toolbar.bmp" />
    <Image Include="Resource\Toolbar.bmp" />
    <Image Include="Resource\toolbar1.bmp" />
    <Image Include="Resource\toolbar2.bmp" />
  </ItemGroup>
</Project>